// !$*UTF8*$!
{
	archiveVersion = 1;
	classes = {
	};
	objectVersion = 46;
	objects = {

/* Begin PBXBuildFile section */
		AF63FFC51D19ABBD00E6B89F /* AppDelegate.swift in Sources */ = {isa = PBXBuildFile; fileRef = AF63FFC41D19ABBD00E6B89F /* AppDelegate.swift */; };
		AF63FFC71D19ABBD00E6B89F /* ViewController.swift in Sources */ = {isa = PBXBuildFile; fileRef = AF63FFC61D19ABBD00E6B89F /* ViewController.swift */; };
		AF63FFCA1D19ABBD00E6B89F /* Main.storyboard in Resources */ = {isa = PBXBuildFile; fileRef = AF63FFC81D19ABBD00E6B89F /* Main.storyboard */; };
		AF63FFCC1D19ABBD00E6B89F /* Assets.xcassets in Resources */ = {isa = PBXBuildFile; fileRef = AF63FFCB1D19ABBD00E6B89F /* Assets.xcassets */; };
		AF63FFCF1D19ABBD00E6B89F /* LaunchScreen.storyboard in Resources */ = {isa = PBXBuildFile; fileRef = AF63FFCD1D19ABBD00E6B89F /* LaunchScreen.storyboard */; };
		AF63FFDA1D19ABBD00E6B89F /* ParseChatTests.swift in Sources */ = {isa = PBXBuildFile; fileRef = AF63FFD91D19ABBD00E6B89F /* ParseChatTests.swift */; };
		AF63FFE51D19ABBD00E6B89F /* ParseChatUITests.swift in Sources */ = {isa = PBXBuildFile; fileRef = AF63FFE41D19ABBD00E6B89F /* ParseChatUITests.swift */; };
/* End PBXBuildFile section */

/* Begin PBXContainerItemProxy section */
		AF63FFD61D19ABBD00E6B89F /* PBXContainerItemProxy */ = {
			isa = PBXContainerItemProxy;
			containerPortal = AF63FFB91D19ABBD00E6B89F /* Project object */;
			proxyType = 1;
			remoteGlobalIDString = AF63FFC01D19ABBD00E6B89F;
			remoteInfo = ParseChat;
		};
		AF63FFE11D19ABBD00E6B89F /* PBXContainerItemProxy */ = {
			isa = PBXContainerItemProxy;
			containerPortal = AF63FFB91D19ABBD00E6B89F /* Project object */;
			proxyType = 1;
			remoteGlobalIDString = AF63FFC01D19ABBD00E6B89F;
			remoteInfo = ParseChat;
		};
/* End PBXContainerItemProxy section */

/* Begin PBXFileReference section */
		AF63FFC11D19ABBD00E6B89F /* ParseChat.app */ = {isa = PBXFileReference; explicitFileType = wrapper.application; includeInIndex = 0; path = ParseChat.app; sourceTree = BUILT_PRODUCTS_DIR; };
		AF63FFC41D19ABBD00E6B89F /* AppDelegate.swift */ = {isa = PBXFileReference; lastKnownFileType = sourcecode.swift; path = AppDelegate.swift; sourceTree = "<group>"; };
		AF63FFC61D19ABBD00E6B89F /* ViewController.swift */ = {isa = PBXFileReference; lastKnownFileType = sourcecode.swift; path = ViewController.swift; sourceTree = "<group>"; };
		AF63FFC91D19ABBD00E6B89F /* Base */ = {isa = PBXFileReference; lastKnownFileType = file.storyboard; name = Base; path = Base.lproj/Main.storyboard; sourceTree = "<group>"; };
		AF63FFCB1D19ABBD00E6B89F /* Assets.xcassets */ = {isa = PBXFileReference; lastKnownFileType = folder.assetcatalog; path = Assets.xcassets; sourceTree = "<group>"; };
		AF63FFCE1D19ABBD00E6B89F /* Base */ = {isa = PBXFileReference; lastKnownFileType = file.storyboard; name = Base; path = Base.lproj/LaunchScreen.storyboard; sourceTree = "<group>"; };
		AF63FFD01D19ABBD00E6B89F /* Info.plist */ = {isa = PBXFileReference; lastKnownFileType = text.plist.xml; path = Info.plist; sourceTree = "<group>"; };
		AF63FFD51D19ABBD00E6B89F /* ParseChatTests.xctest */ = {isa = PBXFileReference; explicitFileType = wrapper.cfbundle; includeInIndex = 0; path = ParseChatTests.xctest; sourceTree = BUILT_PRODUCTS_DIR; };
		AF63FFD91D19ABBD00E6B89F /* ParseChatTests.swift */ = {isa = PBXFileReference; lastKnownFileType = sourcecode.swift; path = ParseChatTests.swift; sourceTree = "<group>"; };
		AF63FFDB1D19ABBD00E6B89F /* Info.plist */ = {isa = PBXFileReference; lastKnownFileType = text.plist.xml; path = Info.plist; sourceTree = "<group>"; };
		AF63FFE01D19ABBD00E6B89F /* ParseChatUITests.xctest */ = {isa = PBXFileReference; explicitFileType = wrapper.cfbundle; includeInIndex = 0; path = ParseChatUITests.xctest; sourceTree = BUILT_PRODUCTS_DIR; };
		AF63FFE41D19ABBD00E6B89F /* ParseChatUITests.swift */ = {isa = PBXFileReference; lastKnownFileType = sourcecode.swift; path = ParseChatUITests.swift; sourceTree = "<group>"; };
		AF63FFE61D19ABBD00E6B89F /* Info.plist */ = {isa = PBXFileReference; lastKnownFileType = text.plist.xml; path = Info.plist; sourceTree = "<group>"; };
/* End PBXFileReference section */

/* Begin PBXFrameworksBuildPhase section */
		AF63FFBE1D19ABBD00E6B89F /* Frameworks */ = {
			isa = PBXFrameworksBuildPhase;
			buildActionMask = 2147483647;
			files = (
			);
			runOnlyForDeploymentPostprocessing = 0;
		};
		AF63FFD21D19ABBD00E6B89F /* Frameworks */ = {
			isa = PBXFrameworksBuildPhase;
			buildActionMask = 2147483647;
			files = (
			);
			runOnlyForDeploymentPostprocessing = 0;
		};
		AF63FFDD1D19ABBD00E6B89F /* Frameworks */ = {
			isa = PBXFrameworksBuildPhase;
			buildActionMask = 2147483647;
			files = (
			);
			runOnlyForDeploymentPostprocessing = 0;
		};
/* End PBXFrameworksBuildPhase section */

/* Begin PBXGroup section */
		AF63FFB81D19ABBD00E6B89F = {
			isa = PBXGroup;
			children = (
				AF63FFC31D19ABBD00E6B89F /* ParseChat */,
				AF63FFD81D19ABBD00E6B89F /* ParseChatTests */,
				AF63FFE31D19ABBD00E6B89F /* ParseChatUITests */,
				AF63FFC21D19ABBD00E6B89F /* Products */,
			);
			sourceTree = "<group>";
		};
		AF63FFC21D19ABBD00E6B89F /* Products */ = {
			isa = PBXGroup;
			children = (
				AF63FFC11D19ABBD00E6B89F /* ParseChat.app */,
				AF63FFD51D19ABBD00E6B89F /* ParseChatTests.xctest */,
				AF63FFE01D19ABBD00E6B89F /* ParseChatUITests.xctest */,
			);
			name = Products;
			sourceTree = "<group>";
		};
		AF63FFC31D19ABBD00E6B89F /* ParseChat */ = {
			isa = PBXGroup;
			children = (
				AF63FFC41D19ABBD00E6B89F /* AppDelegate.swift */,
				AF63FFC61D19ABBD00E6B89F /* ViewController.swift */,
				AF63FFC81D19ABBD00E6B89F /* Main.storyboard */,
				AF63FFCB1D19ABBD00E6B89F /* Assets.xcassets */,
				AF63FFCD1D19ABBD00E6B89F /* LaunchScreen.storyboard */,
				AF63FFD01D19ABBD00E6B89F /* Info.plist */,
			);
			path = ParseChat;
			sourceTree = "<group>";
		};
		AF63FFD81D19ABBD00E6B89F /* ParseChatTests */ = {
			isa = PBXGroup;
			children = (
				AF63FFD91D19ABBD00E6B89F /* ParseChatTests.swift */,
				AF63FFDB1D19ABBD00E6B89F /* Info.plist */,
			);
			path = ParseChatTests;
			sourceTree = "<group>";
		};
		AF63FFE31D19ABBD00E6B89F /* ParseChatUITests */ = {
			isa = PBXGroup;
			children = (
				AF63FFE41D19ABBD00E6B89F /* ParseChatUITests.swift */,
				AF63FFE61D19ABBD00E6B89F /* Info.plist */,
			);
			path = ParseChatUITests;
			sourceTree = "<group>";
		};
/* End PBXGroup section */

/* Begin PBXNativeTarget section */
		AF63FFC01D19ABBD00E6B89F /* ParseChat */ = {
			isa = PBXNativeTarget;
			buildConfigurationList = AF63FFE91D19ABBD00E6B89F /* Build configuration list for PBXNativeTarget "ParseChat" */;
			buildPhases = (
				AF63FFBD1D19ABBD00E6B89F /* Sources */,
				AF63FFBE1D19ABBD00E6B89F /* Frameworks */,
				AF63FFBF1D19ABBD00E6B89F /* Resources */,
			);
			buildRules = (
			);
			dependencies = (
			);
			name = ParseChat;
			productName = ParseChat;
			productReference = AF63FFC11D19ABBD00E6B89F /* ParseChat.app */;
			productType = "com.apple.product-type.application";
		};
		AF63FFD41D19ABBD00E6B89F /* ParseChatTests */ = {
			isa = PBXNativeTarget;
			buildConfigurationList = AF63FFEC1D19ABBD00E6B89F /* Build configuration list for PBXNativeTarget "ParseChatTests" */;
			buildPhases = (
				AF63FFD11D19ABBD00E6B89F /* Sources */,
				AF63FFD21D19ABBD00E6B89F /* Frameworks */,
				AF63FFD31D19ABBD00E6B89F /* Resources */,
			);
			buildRules = (
			);
			dependencies = (
				AF63FFD71D19ABBD00E6B89F /* PBXTargetDependency */,
			);
			name = ParseChatTests;
			productName = ParseChatTests;
			productReference = AF63FFD51D19ABBD00E6B89F /* ParseChatTests.xctest */;
			productType = "com.apple.product-type.bundle.unit-test";
		};
		AF63FFDF1D19ABBD00E6B89F /* ParseChatUITests */ = {
			isa = PBXNativeTarget;
			buildConfigurationList = AF63FFEF1D19ABBD00E6B89F /* Build configuration list for PBXNativeTarget "ParseChatUITests" */;
			buildPhases = (
				AF63FFDC1D19ABBD00E6B89F /* Sources */,
				AF63FFDD1D19ABBD00E6B89F /* Frameworks */,
				AF63FFDE1D19ABBD00E6B89F /* Resources */,
			);
			buildRules = (
			);
			dependencies = (
				AF63FFE21D19ABBD00E6B89F /* PBXTargetDependency */,
			);
			name = ParseChatUITests;
			productName = ParseChatUITests;
			productReference = AF63FFE01D19ABBD00E6B89F /* ParseChatUITests.xctest */;
			productType = "com.apple.product-type.bundle.ui-testing";
		};
/* End PBXNativeTarget section */

/* Begin PBXProject section */
		AF63FFB91D19ABBD00E6B89F /* Project object */ = {
			isa = PBXProject;
			attributes = {
				LastSwiftUpdateCheck = 0730;
				LastUpgradeCheck = 0730;
				ORGANIZATIONNAME = "Angeline Rao";
				TargetAttributes = {
					AF63FFC01D19ABBD00E6B89F = {
						CreatedOnToolsVersion = 7.3.1;
					};
					AF63FFD41D19ABBD00E6B89F = {
						CreatedOnToolsVersion = 7.3.1;
						TestTargetID = AF63FFC01D19ABBD00E6B89F;
					};
					AF63FFDF1D19ABBD00E6B89F = {
						CreatedOnToolsVersion = 7.3.1;
						TestTargetID = AF63FFC01D19ABBD00E6B89F;
					};
				};
			};
			buildConfigurationList = AF63FFBC1D19ABBD00E6B89F /* Build configuration list for PBXProject "ParseChat" */;
			compatibilityVersion = "Xcode 3.2";
			developmentRegion = English;
			hasScannedForEncodings = 0;
			knownRegions = (
				en,
				Base,
			);
			mainGroup = AF63FFB81D19ABBD00E6B89F;
			productRefGroup = AF63FFC21D19ABBD00E6B89F /* Products */;
			projectDirPath = "";
			projectRoot = "";
			targets = (
				AF63FFC01D19ABBD00E6B89F /* ParseChat */,
				AF63FFD41D19ABBD00E6B89F /* ParseChatTests */,
				AF63FFDF1D19ABBD00E6B89F /* ParseChatUITests */,
			);
		};
/* End PBXProject section */

/* Begin PBXResourcesBuildPhase section */
		AF63FFBF1D19ABBD00E6B89F /* Resources */ = {
			isa = PBXResourcesBuildPhase;
			buildActionMask = 2147483647;
			files = (
				AF63FFCF1D19ABBD00E6B89F /* LaunchScreen.storyboard in Resources */,
				AF63FFCC1D19ABBD00E6B89F /* Assets.xcassets in Resources */,
				AF63FFCA1D19ABBD00E6B89F /* Main.storyboard in Resources */,
			);
			runOnlyForDeploymentPostprocessing = 0;
		};
		AF63FFD31D19ABBD00E6B89F /* Resources */ = {
			isa = PBXResourcesBuildPhase;
			buildActionMask = 2147483647;
			files = (
			);
			runOnlyForDeploymentPostprocessing = 0;
		};
		AF63FFDE1D19ABBD00E6B89F /* Resources */ = {
			isa = PBXResourcesBuildPhase;
			buildActionMask = 2147483647;
			files = (
			);
			runOnlyForDeploymentPostprocessing = 0;
		};
/* End PBXResourcesBuildPhase section */

/* Begin PBXSourcesBuildPhase section */
		AF63FFBD1D19ABBD00E6B89F /* Sources */ = {
			isa = PBXSourcesBuildPhase;
			buildActionMask = 2147483647;
			files = (
				AF63FFC71D19ABBD00E6B89F /* ViewController.swift in Sources */,
				AF63FFC51D19ABBD00E6B89F /* AppDelegate.swift in Sources */,
			);
			runOnlyForDeploymentPostprocessing = 0;
		};
		AF63FFD11D19ABBD00E6B89F /* Sources */ = {
			isa = PBXSourcesBuildPhase;
			buildActionMask = 2147483647;
			files = (
				AF63FFDA1D19ABBD00E6B89F /* ParseChatTests.swift in Sources */,
			);
			runOnlyForDeploymentPostprocessing = 0;
		};
		AF63FFDC1D19ABBD00E6B89F /* Sources */ = {
			isa = PBXSourcesBuildPhase;
			buildActionMask = 2147483647;
			files = (
				AF63FFE51D19ABBD00E6B89F /* ParseChatUITests.swift in Sources */,
			);
			runOnlyForDeploymentPostprocessing = 0;
		};
/* End PBXSourcesBuildPhase section */

/* Begin PBXTargetDependency section */
		AF63FFD71D19ABBD00E6B89F /* PBXTargetDependency */ = {
			isa = PBXTargetDependency;
			target = AF63FFC01D19ABBD00E6B89F /* ParseChat */;
			targetProxy = AF63FFD61D19ABBD00E6B89F /* PBXContainerItemProxy */;
		};
		AF63FFE21D19ABBD00E6B89F /* PBXTargetDependency */ = {
			isa = PBXTargetDependency;
			target = AF63FFC01D19ABBD00E6B89F /* ParseChat */;
			targetProxy = AF63FFE11D19ABBD00E6B89F /* PBXContainerItemProxy */;
		};
/* End PBXTargetDependency section */

/* Begin PBXVariantGroup section */
		AF63FFC81D19ABBD00E6B89F /* Main.storyboard */ = {
			isa = PBXVariantGroup;
			children = (
				AF63FFC91D19ABBD00E6B89F /* Base */,
			);
			name = Main.storyboard;
			sourceTree = "<group>";
		};
		AF63FFCD1D19ABBD00E6B89F /* LaunchScreen.storyboard */ = {
			isa = PBXVariantGroup;
			children = (
				AF63FFCE1D19ABBD00E6B89F /* Base */,
			);
			name = LaunchScreen.storyboard;
			sourceTree = "<group>";
		};
/* End PBXVariantGroup section */

/* Begin XCBuildConfiguration section */
		AF63FFE71D19ABBD00E6B89F /* Debug */ = {
			isa = XCBuildConfiguration;
			buildSettings = {
				ALWAYS_SEARCH_USER_PATHS = NO;
				CLANG_ANALYZER_NONNULL = YES;
				CLANG_CXX_LANGUAGE_STANDARD = "gnu++0x";
				CLANG_CXX_LIBRARY = "libc++";
				CLANG_ENABLE_MODULES = YES;
				CLANG_ENABLE_OBJC_ARC = YES;
				CLANG_WARN_BOOL_CONVERSION = YES;
				CLANG_WARN_CONSTANT_CONVERSION = YES;
				CLANG_WARN_DIRECT_OBJC_ISA_USAGE = YES_ERROR;
				CLANG_WARN_EMPTY_BODY = YES;
				CLANG_WARN_ENUM_CONVERSION = YES;
				CLANG_WARN_INT_CONVERSION = YES;
				CLANG_WARN_OBJC_ROOT_CLASS = YES_ERROR;
				CLANG_WARN_UNREACHABLE_CODE = YES;
				CLANG_WARN__DUPLICATE_METHOD_MATCH = YES;
				"CODE_SIGN_IDENTITY[sdk=iphoneos*]" = "iPhone Developer";
				COPY_PHASE_STRIP = NO;
				DEBUG_INFORMATION_FORMAT = dwarf;
				ENABLE_STRICT_OBJC_MSGSEND = YES;
				ENABLE_TESTABILITY = YES;
				GCC_C_LANGUAGE_STANDARD = gnu99;
				GCC_DYNAMIC_NO_PIC = NO;
				GCC_NO_COMMON_BLOCKS = YES;
				GCC_OPTIMIZATION_LEVEL = 0;
				GCC_PREPROCESSOR_DEFINITIONS = (
					"DEBUG=1",
					"$(inherited)",
				);
				GCC_WARN_64_TO_32_BIT_CONVERSION = YES;
				GCC_WARN_ABOUT_RETURN_TYPE = YES_ERROR;
				GCC_WARN_UNDECLARED_SELECTOR = YES;
				GCC_WARN_UNINITIALIZED_AUTOS = YES_AGGRESSIVE;
				GCC_WARN_UNUSED_FUNCTION = YES;
				GCC_WARN_UNUSED_VARIABLE = YES;
				IPHONEOS_DEPLOYMENT_TARGET = 9.3;
				MTL_ENABLE_DEBUG_INFO = YES;
				ONLY_ACTIVE_ARCH = YES;
				SDKROOT = iphoneos;
				SWIFT_OPTIMIZATION_LEVEL = "-Onone";
			};
			name = Debug;
		};
		AF63FFE81D19ABBD00E6B89F /* Release */ = {
			isa = XCBuildConfiguration;
			buildSettings = {
				ALWAYS_SEARCH_USER_PATHS = NO;
				CLANG_ANALYZER_NONNULL = YES;
				CLANG_CXX_LANGUAGE_STANDARD = "gnu++0x";
				CLANG_CXX_LIBRARY = "libc++";
				CLANG_ENABLE_MODULES = YES;
				CLANG_ENABLE_OBJC_ARC = YES;
				CLANG_WARN_BOOL_CONVERSION = YES;
				CLANG_WARN_CONSTANT_CONVERSION = YES;
				CLANG_WARN_DIRECT_OBJC_ISA_USAGE = YES_ERROR;
				CLANG_WARN_EMPTY_BODY = YES;
				CLANG_WARN_ENUM_CONVERSION = YES;
				CLANG_WARN_INT_CONVERSION = YES;
				CLANG_WARN_OBJC_ROOT_CLASS = YES_ERROR;
				CLANG_WARN_UNREACHABLE_CODE = YES;
				CLANG_WARN__DUPLICATE_METHOD_MATCH = YES;
				"CODE_SIGN_IDENTITY[sdk=iphoneos*]" = "iPhone Developer";
				COPY_PHASE_STRIP = NO;
				DEBUG_INFORMATION_FORMAT = "dwarf-with-dsym";
				ENABLE_NS_ASSERTIONS = NO;
				ENABLE_STRICT_OBJC_MSGSEND = YES;
				GCC_C_LANGUAGE_STANDARD = gnu99;
				GCC_NO_COMMON_BLOCKS = YES;
				GCC_WARN_64_TO_32_BIT_CONVERSION = YES;
				GCC_WARN_ABOUT_RETURN_TYPE = YES_ERROR;
				GCC_WARN_UNDECLARED_SELECTOR = YES;
				GCC_WARN_UNINITIALIZED_AUTOS = YES_AGGRESSIVE;
				GCC_WARN_UNUSED_FUNCTION = YES;
				GCC_WARN_UNUSED_VARIABLE = YES;
				IPHONEOS_DEPLOYMENT_TARGET = 9.3;
				MTL_ENABLE_DEBUG_INFO = NO;
				SDKROOT = iphoneos;
				VALIDATE_PRODUCT = YES;
			};
			name = Release;
		};
		AF63FFEA1D19ABBD00E6B89F /* Debug */ = {
			isa = XCBuildConfiguration;
			buildSettings = {
				ASSETCATALOG_COMPILER_APPICON_NAME = AppIcon;
				INFOPLIST_FILE = ParseChat/Info.plist;
				LD_RUNPATH_SEARCH_PATHS = "$(inherited) @executable_path/Frameworks";
				PRODUCT_BUNDLE_IDENTIFIER = com.facebook.ParseChat;
				PRODUCT_NAME = "$(TARGET_NAME)";
			};
			name = Debug;
		};
		AF63FFEB1D19ABBD00E6B89F /* Release */ = {
			isa = XCBuildConfiguration;
			buildSettings = {
				ASSETCATALOG_COMPILER_APPICON_NAME = AppIcon;
				INFOPLIST_FILE = ParseChat/Info.plist;
				LD_RUNPATH_SEARCH_PATHS = "$(inherited) @executable_path/Frameworks";
				PRODUCT_BUNDLE_IDENTIFIER = com.facebook.ParseChat;
				PRODUCT_NAME = "$(TARGET_NAME)";
			};
			name = Release;
		};
		AF63FFED1D19ABBD00E6B89F /* Debug */ = {
			isa = XCBuildConfiguration;
			buildSettings = {
				BUNDLE_LOADER = "$(TEST_HOST)";
				INFOPLIST_FILE = ParseChatTests/Info.plist;
				LD_RUNPATH_SEARCH_PATHS = "$(inherited) @executable_path/Frameworks @loader_path/Frameworks";
				PRODUCT_BUNDLE_IDENTIFIER = com.facebook.ParseChatTests;
				PRODUCT_NAME = "$(TARGET_NAME)";
				TEST_HOST = "$(BUILT_PRODUCTS_DIR)/ParseChat.app/ParseChat";
			};
			name = Debug;
		};
		AF63FFEE1D19ABBD00E6B89F /* Release */ = {
			isa = XCBuildConfiguration;
			buildSettings = {
				BUNDLE_LOADER = "$(TEST_HOST)";
				INFOPLIST_FILE = ParseChatTests/Info.plist;
				LD_RUNPATH_SEARCH_PATHS = "$(inherited) @executable_path/Frameworks @loader_path/Frameworks";
				PRODUCT_BUNDLE_IDENTIFIER = com.facebook.ParseChatTests;
				PRODUCT_NAME = "$(TARGET_NAME)";
				TEST_HOST = "$(BUILT_PRODUCTS_DIR)/ParseChat.app/ParseChat";
			};
			name = Release;
		};
		AF63FFF01D19ABBD00E6B89F /* Debug */ = {
			isa = XCBuildConfiguration;
			buildSettings = {
				INFOPLIST_FILE = ParseChatUITests/Info.plist;
				LD_RUNPATH_SEARCH_PATHS = "$(inherited) @executable_path/Frameworks @loader_path/Frameworks";
				PRODUCT_BUNDLE_IDENTIFIER = com.facebook.ParseChatUITests;
				PRODUCT_NAME = "$(TARGET_NAME)";
				TEST_TARGET_NAME = ParseChat;
			};
			name = Debug;
		};
		AF63FFF11D19ABBD00E6B89F /* Release */ = {
			isa = XCBuildConfiguration;
			buildSettings = {
				INFOPLIST_FILE = ParseChatUITests/Info.plist;
				LD_RUNPATH_SEARCH_PATHS = "$(inherited) @executable_path/Frameworks @loader_path/Frameworks";
				PRODUCT_BUNDLE_IDENTIFIER = com.facebook.ParseChatUITests;
				PRODUCT_NAME = "$(TARGET_NAME)";
				TEST_TARGET_NAME = ParseChat;
			};
			name = Release;
		};
/* End XCBuildConfiguration section */

/* Begin XCConfigurationList section */
		AF63FFBC1D19ABBD00E6B89F /* Build configuration list for PBXProject "ParseChat" */ = {
			isa = XCConfigurationList;
			buildConfigurations = (
				AF63FFE71D19ABBD00E6B89F /* Debug */,
				AF63FFE81D19ABBD00E6B89F /* Release */,
			);
			defaultConfigurationIsVisible = 0;
			defaultConfigurationName = Release;
		};
		AF63FFE91D19ABBD00E6B89F /* Build configuration list for PBXNativeTarget "ParseChat" */ = {
			isa = XCConfigurationList;
			buildConfigurations = (
				AF63FFEA1D19ABBD00E6B89F /* Debug */,
				AF63FFEB1D19ABBD00E6B89F /* Release */,
			);
			defaultConfigurationIsVisible = 0;
		};
		AF63FFEC1D19ABBD00E6B89F /* Build configuration list for PBXNativeTarget "ParseChatTests" */ = {
			isa = XCConfigurationList;
			buildConfigurations = (
				AF63FFED1D19ABBD00E6B89F /* Debug */,
				AF63FFEE1D19ABBD00E6B89F /* Release */,
			);
			defaultConfigurationIsVisible = 0;
		};
		AF63FFEF1D19ABBD00E6B89F /* Build configuration list for PBXNativeTarget "ParseChatUITests" */ = {
			isa = XCConfigurationList;
			buildConfigurations = (
				AF63FFF01D19ABBD00E6B89F /* Debug */,
				AF63FFF11D19ABBD00E6B89F /* Release */,
			);
			defaultConfigurationIsVisible = 0;
		};
/* End XCConfigurationList section */
	};
	rootObject = AF63FFB91D19ABBD00E6B89F /* Project object */;
}
